
Microsoft Visual Studio Solution File, Format Version 12.00
# Visual Studio Version 16
VisualStudioVersion = 16.0.29326.143
MinimumVisualStudioVersion = 10.0.40219.1
Project("{FAE04EC0-301F-11D3-BF4B-00C04F79EFBC}") = "Students", "Students\Students.csproj", "{199DAF2B-327B-4C7A-AF41-2AFA5B735CFF}"
EndProject
Global
	GlobalSection(SolutionConfigurationPlatforms) = preSolution
		Debug|Any CPU = Debug|Any CPU
		Release|Any CPU = Release|Any CPU
	EndGlobalSection
	GlobalSection(ProjectConfigurationPlatforms) = postSolution
		{199DAF2B-327B-4C7A-AF41-2AFA5B735CFF}.Debug|Any CPU.ActiveCfg = Debug|Any CPU
		{199DAF2B-327B-4C7A-AF41-2AFA5B735CFF}.Debug|Any CPU.Build.0 = Debug|Any CPU
		{199DAF2B-327B-4C7A-AF41-2AFA5B735CFF}.Release|Any CPU.ActiveCfg = Release|Any CPU
		{199DAF2B-327B-4C7A-AF41-2AFA5B735CFF}.Release|Any CPU.Build.0 = Release|Any CPU
	EndGlobalSection
	GlobalSection(SolutionProperties) = preSolution
		HideSolutionNode = FALSE
	EndGlobalSection
	GlobalSection(ExtensibilityGlobals) = postSolution
		SolutionGuid = {47924218-EB71-4060-9BCA-9720BB2113AC}
	EndGlobalSection
EndGlobal
